
Microsoft Visual Studio Solution File, Format Version 12.00
# Visual Studio Version 16
VisualStudioVersion = 16.0.29409.12
MinimumVisualStudioVersion = 10.0.40219.1
Project("{2150E333-8FDC-42A3-9474-1A3956D46DE8}") = "0.getway", "0.getway", "{2F66FB18-241D-4871-9CCA-DEFF9A398713}"
EndProject
Project("{2150E333-8FDC-42A3-9474-1A3956D46DE8}") = "1.api", "1.api", "{B4D53F92-F0AB-4830-9AAF-BC549D9902C9}"
EndProject
Project("{2150E333-8FDC-42A3-9474-1A3956D46DE8}") = "2.server", "2.server", "{CF2C96B7-468B-48AB-8393-AE485A47BE24}"
EndProject
Project("{2150E333-8FDC-42A3-9474-1A3956D46DE8}") = "3.repository", "3.repository", "{00A8F561-11CF-42B2-8D3A-432E2281256A}"
EndProject
Project("{2150E333-8FDC-42A3-9474-1A3956D46DE8}") = "4.model", "4.model", "{04ADD040-7DEE-4C38-B7C6-A34354900AE9}"
EndProject
Project("{2150E333-8FDC-42A3-9474-1A3956D46DE8}") = "5.util", "5.util", "{9F9B2D0F-ADF4-41EE-A06F-791CDF52448C}"
EndProject
Project("{2150E333-8FDC-42A3-9474-1A3956D46DE8}") = "6.test", "6.test", "{6587087A-7E49-4482-89F1-C3CE438CA2B2}"
EndProject
Project("{2150E333-8FDC-42A3-9474-1A3956D46DE8}") = "fmis", "fmis", "{AEF58286-B430-464E-B9E5-0E770ABE1B3F}"
EndProject
Project("{2150E333-8FDC-42A3-9474-1A3956D46DE8}") = "hrs", "hrs", "{A9D51918-BC90-4A33-AE3E-DFD8ED4DEEE5}"
EndProject
Project("{2150E333-8FDC-42A3-9474-1A3956D46DE8}") = "psis", "psis", "{E4DAFC33-433E-4010-8AF3-E6049C7863F5}"
EndProject
Project("{2150E333-8FDC-42A3-9474-1A3956D46DE8}") = "fmis", "fmis", "{A730AE83-140F-46BF-A0C9-53954B1D6324}"
EndProject
Project("{2150E333-8FDC-42A3-9474-1A3956D46DE8}") = "hrs", "hrs", "{7914C6D1-8402-4A9A-8238-45D9D4C9D04E}"
EndProject
Project("{2150E333-8FDC-42A3-9474-1A3956D46DE8}") = "psis", "psis", "{D4209B51-DD3F-4C13-BC18-BD633AB2913B}"
EndProject
Project("{2150E333-8FDC-42A3-9474-1A3956D46DE8}") = "fmis", "fmis", "{33F436F4-6BB5-4A16-875E-86D39B63646D}"
EndProject
Project("{2150E333-8FDC-42A3-9474-1A3956D46DE8}") = "hrs", "hrs", "{42D4D823-3EB8-42A2-ADA7-D4C3454720C5}"
EndProject
Project("{2150E333-8FDC-42A3-9474-1A3956D46DE8}") = "psis", "psis", "{A81BDC49-F8A4-4992-B4DD-C8D99710169B}"
EndProject
Project("{9A19103F-16F7-4668-BE54-9A1E7A4F7556}") = "Lmf.HRS", "HRS\Lmf.HRS\Lmf.HRS.csproj", "{1F390F4E-B82A-4AFD-BB7F-88606CE54D80}"
EndProject
Project("{9A19103F-16F7-4668-BE54-9A1E7A4F7556}") = "Lmf.HRS.IServer", "HRS\Lmf.HRS.IServer\Lmf.HRS.IServer.csproj", "{D49DE49B-54C8-476D-BB59-552A3F5FFDE0}"
EndProject
Project("{9A19103F-16F7-4668-BE54-9A1E7A4F7556}") = "Lmf.HRS.Server", "HRS\Lmf.HRS.Server\Lmf.HRS.Server.csproj", "{DB9C67D0-3EBF-4537-9DDB-FDACF3AD9E68}"
EndProject
Project("{9A19103F-16F7-4668-BE54-9A1E7A4F7556}") = "Lmf.HRS.Repository", "HRS\Lmf.HRS.Repository\Lmf.HRS.Repository.csproj", "{BB8BEFAC-9F1A-4A48-8834-B52C1F4AE7B0}"
EndProject
Project("{9A19103F-16F7-4668-BE54-9A1E7A4F7556}") = "Lmf.HRS.IRepository", "HRS\Lmf.HRS.IRepository\Lmf.HRS.IRepository.csproj", "{04F3EE7B-27BA-47A7-9E58-EA1BC4D05FEB}"
EndProject
Project("{9A19103F-16F7-4668-BE54-9A1E7A4F7556}") = "Lmf.HRS.Entity", "HRS\Lmf.HRS.Entity\Lmf.HRS.Entity.csproj", "{A7D0474D-242F-4695-B289-0BC4A0B4B3D4}"
EndProject
Project("{9A19103F-16F7-4668-BE54-9A1E7A4F7556}") = "Lmf.Util", "Common\Lmf.Util\Lmf.Util.csproj", "{E9722F19-594B-4ABE-89B3-B74E86AF18D2}"
EndProject
Project("{9A19103F-16F7-4668-BE54-9A1E7A4F7556}") = "Lmf.GW", "Gateway\Lmf.GW\Lmf.GW.csproj", "{4BF54EE2-8C77-4B74-AC89-4CB7FF81AF20}"
EndProject
Project("{9A19103F-16F7-4668-BE54-9A1E7A4F7556}") = "Lmf.FMIS", "FMIS\Lmf.FMIS\Lmf.FMIS.csproj", "{44A987BA-2762-4597-BACF-10A2608379E7}"
EndProject
Project("{9A19103F-16F7-4668-BE54-9A1E7A4F7556}") = "Lmf.PSIS", "PSIS\Lmf.PSIS\Lmf.PSIS.csproj", "{485D51BD-FC0C-45E7-A6A2-F315A88B66D4}"
EndProject
Global
	GlobalSection(SolutionConfigurationPlatforms) = preSolution
		Debug|Any CPU = Debug|Any CPU
		Release|Any CPU = Release|Any CPU
	EndGlobalSection
	GlobalSection(ProjectConfigurationPlatforms) = postSolution
		{1F390F4E-B82A-4AFD-BB7F-88606CE54D80}.Debug|Any CPU.ActiveCfg = Debug|Any CPU
		{1F390F4E-B82A-4AFD-BB7F-88606CE54D80}.Debug|Any CPU.Build.0 = Debug|Any CPU
		{1F390F4E-B82A-4AFD-BB7F-88606CE54D80}.Release|Any CPU.ActiveCfg = Release|Any CPU
		{1F390F4E-B82A-4AFD-BB7F-88606CE54D80}.Release|Any CPU.Build.0 = Release|Any CPU
		{D49DE49B-54C8-476D-BB59-552A3F5FFDE0}.Debug|Any CPU.ActiveCfg = Debug|Any CPU
		{D49DE49B-54C8-476D-BB59-552A3F5FFDE0}.Debug|Any CPU.Build.0 = Debug|Any CPU
		{D49DE49B-54C8-476D-BB59-552A3F5FFDE0}.Release|Any CPU.ActiveCfg = Release|Any CPU
		{D49DE49B-54C8-476D-BB59-552A3F5FFDE0}.Release|Any CPU.Build.0 = Release|Any CPU
		{DB9C67D0-3EBF-4537-9DDB-FDACF3AD9E68}.Debug|Any CPU.ActiveCfg = Debug|Any CPU
		{DB9C67D0-3EBF-4537-9DDB-FDACF3AD9E68}.Debug|Any CPU.Build.0 = Debug|Any CPU
		{DB9C67D0-3EBF-4537-9DDB-FDACF3AD9E68}.Release|Any CPU.ActiveCfg = Release|Any CPU
		{DB9C67D0-3EBF-4537-9DDB-FDACF3AD9E68}.Release|Any CPU.Build.0 = Release|Any CPU
		{BB8BEFAC-9F1A-4A48-8834-B52C1F4AE7B0}.Debug|Any CPU.ActiveCfg = Debug|Any CPU
		{BB8BEFAC-9F1A-4A48-8834-B52C1F4AE7B0}.Debug|Any CPU.Build.0 = Debug|Any CPU
		{BB8BEFAC-9F1A-4A48-8834-B52C1F4AE7B0}.Release|Any CPU.ActiveCfg = Release|Any CPU
		{BB8BEFAC-9F1A-4A48-8834-B52C1F4AE7B0}.Release|Any CPU.Build.0 = Release|Any CPU
		{04F3EE7B-27BA-47A7-9E58-EA1BC4D05FEB}.Debug|Any CPU.ActiveCfg = Debug|Any CPU
		{04F3EE7B-27BA-47A7-9E58-EA1BC4D05FEB}.Debug|Any CPU.Build.0 = Debug|Any CPU
		{04F3EE7B-27BA-47A7-9E58-EA1BC4D05FEB}.Release|Any CPU.ActiveCfg = Release|Any CPU
		{04F3EE7B-27BA-47A7-9E58-EA1BC4D05FEB}.Release|Any CPU.Build.0 = Release|Any CPU
		{A7D0474D-242F-4695-B289-0BC4A0B4B3D4}.Debug|Any CPU.ActiveCfg = Debug|Any CPU
		{A7D0474D-242F-4695-B289-0BC4A0B4B3D4}.Debug|Any CPU.Build.0 = Debug|Any CPU
		{A7D0474D-242F-4695-B289-0BC4A0B4B3D4}.Release|Any CPU.ActiveCfg = Release|Any CPU
		{A7D0474D-242F-4695-B289-0BC4A0B4B3D4}.Release|Any CPU.Build.0 = Release|Any CPU
		{E9722F19-594B-4ABE-89B3-B74E86AF18D2}.Debug|Any CPU.ActiveCfg = Debug|Any CPU
		{E9722F19-594B-4ABE-89B3-B74E86AF18D2}.Debug|Any CPU.Build.0 = Debug|Any CPU
		{E9722F19-594B-4ABE-89B3-B74E86AF18D2}.Release|Any CPU.ActiveCfg = Release|Any CPU
		{E9722F19-594B-4ABE-89B3-B74E86AF18D2}.Release|Any CPU.Build.0 = Release|Any CPU
		{4BF54EE2-8C77-4B74-AC89-4CB7FF81AF20}.Debug|Any CPU.ActiveCfg = Debug|Any CPU
		{4BF54EE2-8C77-4B74-AC89-4CB7FF81AF20}.Debug|Any CPU.Build.0 = Debug|Any CPU
		{4BF54EE2-8C77-4B74-AC89-4CB7FF81AF20}.Release|Any CPU.ActiveCfg = Release|Any CPU
		{4BF54EE2-8C77-4B74-AC89-4CB7FF81AF20}.Release|Any CPU.Build.0 = Release|Any CPU
		{44A987BA-2762-4597-BACF-10A2608379E7}.Debug|Any CPU.ActiveCfg = Debug|Any CPU
		{44A987BA-2762-4597-BACF-10A2608379E7}.Debug|Any CPU.Build.0 = Debug|Any CPU
		{44A987BA-2762-4597-BACF-10A2608379E7}.Release|Any CPU.ActiveCfg = Release|Any CPU
		{44A987BA-2762-4597-BACF-10A2608379E7}.Release|Any CPU.Build.0 = Release|Any CPU
		{485D51BD-FC0C-45E7-A6A2-F315A88B66D4}.Debug|Any CPU.ActiveCfg = Debug|Any CPU
		{485D51BD-FC0C-45E7-A6A2-F315A88B66D4}.Debug|Any CPU.Build.0 = Debug|Any CPU
		{485D51BD-FC0C-45E7-A6A2-F315A88B66D4}.Release|Any CPU.ActiveCfg = Release|Any CPU
		{485D51BD-FC0C-45E7-A6A2-F315A88B66D4}.Release|Any CPU.Build.0 = Release|Any CPU
	EndGlobalSection
	GlobalSection(SolutionProperties) = preSolution
		HideSolutionNode = FALSE
	EndGlobalSection
	GlobalSection(NestedProjects) = preSolution
		{AEF58286-B430-464E-B9E5-0E770ABE1B3F} = {04ADD040-7DEE-4C38-B7C6-A34354900AE9}
		{A9D51918-BC90-4A33-AE3E-DFD8ED4DEEE5} = {04ADD040-7DEE-4C38-B7C6-A34354900AE9}
		{E4DAFC33-433E-4010-8AF3-E6049C7863F5} = {04ADD040-7DEE-4C38-B7C6-A34354900AE9}
		{A730AE83-140F-46BF-A0C9-53954B1D6324} = {00A8F561-11CF-42B2-8D3A-432E2281256A}
		{7914C6D1-8402-4A9A-8238-45D9D4C9D04E} = {00A8F561-11CF-42B2-8D3A-432E2281256A}
		{D4209B51-DD3F-4C13-BC18-BD633AB2913B} = {00A8F561-11CF-42B2-8D3A-432E2281256A}
		{33F436F4-6BB5-4A16-875E-86D39B63646D} = {CF2C96B7-468B-48AB-8393-AE485A47BE24}
		{42D4D823-3EB8-42A2-ADA7-D4C3454720C5} = {CF2C96B7-468B-48AB-8393-AE485A47BE24}
		{A81BDC49-F8A4-4992-B4DD-C8D99710169B} = {CF2C96B7-468B-48AB-8393-AE485A47BE24}
		{1F390F4E-B82A-4AFD-BB7F-88606CE54D80} = {B4D53F92-F0AB-4830-9AAF-BC549D9902C9}
		{D49DE49B-54C8-476D-BB59-552A3F5FFDE0} = {42D4D823-3EB8-42A2-ADA7-D4C3454720C5}
		{DB9C67D0-3EBF-4537-9DDB-FDACF3AD9E68} = {42D4D823-3EB8-42A2-ADA7-D4C3454720C5}
		{BB8BEFAC-9F1A-4A48-8834-B52C1F4AE7B0} = {7914C6D1-8402-4A9A-8238-45D9D4C9D04E}
		{04F3EE7B-27BA-47A7-9E58-EA1BC4D05FEB} = {7914C6D1-8402-4A9A-8238-45D9D4C9D04E}
		{A7D0474D-242F-4695-B289-0BC4A0B4B3D4} = {A9D51918-BC90-4A33-AE3E-DFD8ED4DEEE5}
		{E9722F19-594B-4ABE-89B3-B74E86AF18D2} = {9F9B2D0F-ADF4-41EE-A06F-791CDF52448C}
		{4BF54EE2-8C77-4B74-AC89-4CB7FF81AF20} = {2F66FB18-241D-4871-9CCA-DEFF9A398713}
		{44A987BA-2762-4597-BACF-10A2608379E7} = {B4D53F92-F0AB-4830-9AAF-BC549D9902C9}
		{485D51BD-FC0C-45E7-A6A2-F315A88B66D4} = {B4D53F92-F0AB-4830-9AAF-BC549D9902C9}
	EndGlobalSection
	GlobalSection(ExtensibilityGlobals) = postSolution
		SolutionGuid = {BAC5B38C-9E90-4934-A2B7-ECF71198AF9E}
	EndGlobalSection
EndGlobal
