
Microsoft Visual Studio Solution File, Format Version 12.00
# Visual Studio Version 16
VisualStudioVersion = 16.0.29409.12
MinimumVisualStudioVersion = 10.0.40219.1
Project("{2150E333-8FDC-42A3-9474-1A3956D46DE8}") = "0.getway", "0.getway", "{2F66FB18-241D-4871-9CCA-DEFF9A398713}"
EndProject
Project("{2150E333-8FDC-42A3-9474-1A3956D46DE8}") = "1.api", "1.api", "{B4D53F92-F0AB-4830-9AAF-BC549D9902C9}"
EndProject
Project("{2150E333-8FDC-42A3-9474-1A3956D46DE8}") = "2.server", "2.server", "{CF2C96B7-468B-48AB-8393-AE485A47BE24}"
EndProject
Project("{2150E333-8FDC-42A3-9474-1A3956D46DE8}") = "3.repository", "3.repository", "{00A8F561-11CF-42B2-8D3A-432E2281256A}"
EndProject
Project("{2150E333-8FDC-42A3-9474-1A3956D46DE8}") = "4.model", "4.model", "{04ADD040-7DEE-4C38-B7C6-A34354900AE9}"
EndProject
Project("{2150E333-8FDC-42A3-9474-1A3956D46DE8}") = "5.util", "5.util", "{9F9B2D0F-ADF4-41EE-A06F-791CDF52448C}"
EndProject
Project("{2150E333-8FDC-42A3-9474-1A3956D46DE8}") = "6.test", "6.test", "{6587087A-7E49-4482-89F1-C3CE438CA2B2}"
EndProject
Project("{9A19103F-16F7-4668-BE54-9A1E7A4F7556}") = "Lmf.GW", "Gateway\Lmf.GW\Lmf.GW.csproj", "{4BF54EE2-8C77-4B74-AC89-4CB7FF81AF20}"
EndProject
Global
	GlobalSection(SolutionConfigurationPlatforms) = preSolution
		Debug|Any CPU = Debug|Any CPU
		Release|Any CPU = Release|Any CPU
	EndGlobalSection
	GlobalSection(ProjectConfigurationPlatforms) = postSolution
		{4BF54EE2-8C77-4B74-AC89-4CB7FF81AF20}.Debug|Any CPU.ActiveCfg = Debug|Any CPU
		{4BF54EE2-8C77-4B74-AC89-4CB7FF81AF20}.Debug|Any CPU.Build.0 = Debug|Any CPU
		{4BF54EE2-8C77-4B74-AC89-4CB7FF81AF20}.Release|Any CPU.ActiveCfg = Release|Any CPU
		{4BF54EE2-8C77-4B74-AC89-4CB7FF81AF20}.Release|Any CPU.Build.0 = Release|Any CPU
	EndGlobalSection
	GlobalSection(SolutionProperties) = preSolution
		HideSolutionNode = FALSE
	EndGlobalSection
	GlobalSection(NestedProjects) = preSolution
		{4BF54EE2-8C77-4B74-AC89-4CB7FF81AF20} = {2F66FB18-241D-4871-9CCA-DEFF9A398713}
	EndGlobalSection
	GlobalSection(ExtensibilityGlobals) = postSolution
		SolutionGuid = {BAC5B38C-9E90-4934-A2B7-ECF71198AF9E}
	EndGlobalSection
EndGlobal
