
Microsoft Visual Studio Solution File, Format Version 12.00
# Visual Studio Version 16
VisualStudioVersion = 16.0.29409.12
MinimumVisualStudioVersion = 10.0.40219.1
Project("{2150E333-8FDC-42A3-9474-1A3956D46DE8}") = "0.getway", "0.getway", "{2F66FB18-241D-4871-9CCA-DEFF9A398713}"
EndProject
Project("{2150E333-8FDC-42A3-9474-1A3956D46DE8}") = "1.api", "1.api", "{B4D53F92-F0AB-4830-9AAF-BC549D9902C9}"
EndProject
Project("{2150E333-8FDC-42A3-9474-1A3956D46DE8}") = "2.server", "2.server", "{CF2C96B7-468B-48AB-8393-AE485A47BE24}"
EndProject
Project("{2150E333-8FDC-42A3-9474-1A3956D46DE8}") = "3.repository", "3.repository", "{00A8F561-11CF-42B2-8D3A-432E2281256A}"
EndProject
Project("{2150E333-8FDC-42A3-9474-1A3956D46DE8}") = "4.model", "4.model", "{04ADD040-7DEE-4C38-B7C6-A34354900AE9}"
EndProject
Project("{2150E333-8FDC-42A3-9474-1A3956D46DE8}") = "5.common", "5.common", "{9F9B2D0F-ADF4-41EE-A06F-791CDF52448C}"
EndProject
Project("{2150E333-8FDC-42A3-9474-1A3956D46DE8}") = "6.test", "6.test", "{6587087A-7E49-4482-89F1-C3CE438CA2B2}"
EndProject
Project("{9A19103F-16F7-4668-BE54-9A1E7A4F7556}") = "Lmf.GW", "Gateway\Lmf.GW\Lmf.GW.csproj", "{4BF54EE2-8C77-4B74-AC89-4CB7FF81AF20}"
EndProject
Project("{9A19103F-16F7-4668-BE54-9A1E7A4F7556}") = "Lmf.BasicData.Service", "BasicData\Lmf.BasicData.Service\Lmf.BasicData.Service.csproj", "{5B407E45-147E-4C77-9180-EA07A5C6A9B2}"
EndProject
Project("{9A19103F-16F7-4668-BE54-9A1E7A4F7556}") = "Lmf.BasicData.Repository", "BasicData\Lmf.BasicData.Repository\Lmf.BasicData.Repository.csproj", "{957D4DA4-BAAD-4656-9873-B644C1C08DC1}"
EndProject
Project("{9A19103F-16F7-4668-BE54-9A1E7A4F7556}") = "Lmf.BasicData.Entity", "BasicData\Lmf.BasicData.Entity\Lmf.BasicData.Entity.csproj", "{B02AA82F-F452-45D9-B395-DA9A7A2A5E0B}"
EndProject
Project("{9A19103F-16F7-4668-BE54-9A1E7A4F7556}") = "Lmf.BasicData.Api", "BasicData\Lmf.BasicData.Api\Lmf.BasicData.Api.csproj", "{2EE920F4-187C-4617-9C45-BB3ACEF39FA0}"
EndProject
Project("{9A19103F-16F7-4668-BE54-9A1E7A4F7556}") = "Lmf.Util", "Common\Lmf.Util\Lmf.Util.csproj", "{F4452AA6-0196-4AD9-8562-96341F4C0595}"
EndProject
Project("{9A19103F-16F7-4668-BE54-9A1E7A4F7556}") = "Lmf.Console.Test", "Lmf.Console.Test\Lmf.Console.Test.csproj", "{7E50DA3C-09FA-4F17-9CE0-F6506A35DAC2}"
EndProject
Project("{9A19103F-16F7-4668-BE54-9A1E7A4F7556}") = "Lmf.BasicData.Model", "BasicData\Lmf.BasicData.Model\Lmf.BasicData.Model.csproj", "{E22986D2-E25F-4CB6-BF28-E9ED0DBB5BEF}"
EndProject
Project("{9A19103F-16F7-4668-BE54-9A1E7A4F7556}") = "Lmf.Purchasing.Api", "Purchasing\Lmf.Purchasing.Api\Lmf.Purchasing.Api.csproj", "{39E2F63C-A686-4FF1-8288-B2AABAB940BE}"
EndProject
Project("{9A19103F-16F7-4668-BE54-9A1E7A4F7556}") = "Lmf.Purchasing.Service", "D:\SmartSql\src\purchasing\src\Lmf.Purchasing.Service\Lmf.Purchasing.Service.csproj", "{56302436-C379-4670-BB63-90847442F367}"
EndProject
Project("{9A19103F-16F7-4668-BE54-9A1E7A4F7556}") = "Lmf.Purchasing.Repository", "D:\SmartSql\src\purchasing\src\Lmf.Purchasing.Repository\Lmf.Purchasing.Repository.csproj", "{81397141-FF78-4C2E-81DB-FE16B274F330}"
EndProject
Project("{9A19103F-16F7-4668-BE54-9A1E7A4F7556}") = "Lmf.Purchasing.Entity", "D:\SmartSql\src\purchasing\src\Lmf.Purchasing.Entity\Lmf.Purchasing.Entity.csproj", "{80891E66-93BB-4A48-843A-C082D02590F4}"
EndProject
Project("{9A19103F-16F7-4668-BE54-9A1E7A4F7556}") = "Lmf.Purchasing.Model", "Purchasing\Lmf.Purchasing.Model\Lmf.Purchasing.Model.csproj", "{105B8A7F-7949-4F5E-B6B4-A8F0CE3572F6}"
EndProject
Project("{FAE04EC0-301F-11D3-BF4B-00C04F79EFBC}") = "Lmf.Service", "Common\Lmf.Service\Lmf.Service.csproj", "{F332AA9F-4D32-4594-820D-40B06CFC7730}"
EndProject
Global
	GlobalSection(SolutionConfigurationPlatforms) = preSolution
		Debug|Any CPU = Debug|Any CPU
		Release|Any CPU = Release|Any CPU
	EndGlobalSection
	GlobalSection(ProjectConfigurationPlatforms) = postSolution
		{4BF54EE2-8C77-4B74-AC89-4CB7FF81AF20}.Debug|Any CPU.ActiveCfg = Debug|Any CPU
		{4BF54EE2-8C77-4B74-AC89-4CB7FF81AF20}.Debug|Any CPU.Build.0 = Debug|Any CPU
		{4BF54EE2-8C77-4B74-AC89-4CB7FF81AF20}.Release|Any CPU.ActiveCfg = Release|Any CPU
		{4BF54EE2-8C77-4B74-AC89-4CB7FF81AF20}.Release|Any CPU.Build.0 = Release|Any CPU
		{5B407E45-147E-4C77-9180-EA07A5C6A9B2}.Debug|Any CPU.ActiveCfg = Debug|Any CPU
		{5B407E45-147E-4C77-9180-EA07A5C6A9B2}.Debug|Any CPU.Build.0 = Debug|Any CPU
		{5B407E45-147E-4C77-9180-EA07A5C6A9B2}.Release|Any CPU.ActiveCfg = Release|Any CPU
		{5B407E45-147E-4C77-9180-EA07A5C6A9B2}.Release|Any CPU.Build.0 = Release|Any CPU
		{957D4DA4-BAAD-4656-9873-B644C1C08DC1}.Debug|Any CPU.ActiveCfg = Debug|Any CPU
		{957D4DA4-BAAD-4656-9873-B644C1C08DC1}.Debug|Any CPU.Build.0 = Debug|Any CPU
		{957D4DA4-BAAD-4656-9873-B644C1C08DC1}.Release|Any CPU.ActiveCfg = Release|Any CPU
		{957D4DA4-BAAD-4656-9873-B644C1C08DC1}.Release|Any CPU.Build.0 = Release|Any CPU
		{B02AA82F-F452-45D9-B395-DA9A7A2A5E0B}.Debug|Any CPU.ActiveCfg = Debug|Any CPU
		{B02AA82F-F452-45D9-B395-DA9A7A2A5E0B}.Debug|Any CPU.Build.0 = Debug|Any CPU
		{B02AA82F-F452-45D9-B395-DA9A7A2A5E0B}.Release|Any CPU.ActiveCfg = Release|Any CPU
		{B02AA82F-F452-45D9-B395-DA9A7A2A5E0B}.Release|Any CPU.Build.0 = Release|Any CPU
		{2EE920F4-187C-4617-9C45-BB3ACEF39FA0}.Debug|Any CPU.ActiveCfg = Debug|Any CPU
		{2EE920F4-187C-4617-9C45-BB3ACEF39FA0}.Debug|Any CPU.Build.0 = Debug|Any CPU
		{2EE920F4-187C-4617-9C45-BB3ACEF39FA0}.Release|Any CPU.ActiveCfg = Release|Any CPU
		{2EE920F4-187C-4617-9C45-BB3ACEF39FA0}.Release|Any CPU.Build.0 = Release|Any CPU
		{F4452AA6-0196-4AD9-8562-96341F4C0595}.Debug|Any CPU.ActiveCfg = Debug|Any CPU
		{F4452AA6-0196-4AD9-8562-96341F4C0595}.Debug|Any CPU.Build.0 = Debug|Any CPU
		{F4452AA6-0196-4AD9-8562-96341F4C0595}.Release|Any CPU.ActiveCfg = Release|Any CPU
		{F4452AA6-0196-4AD9-8562-96341F4C0595}.Release|Any CPU.Build.0 = Release|Any CPU
		{7E50DA3C-09FA-4F17-9CE0-F6506A35DAC2}.Debug|Any CPU.ActiveCfg = Debug|Any CPU
		{7E50DA3C-09FA-4F17-9CE0-F6506A35DAC2}.Debug|Any CPU.Build.0 = Debug|Any CPU
		{7E50DA3C-09FA-4F17-9CE0-F6506A35DAC2}.Release|Any CPU.ActiveCfg = Release|Any CPU
		{7E50DA3C-09FA-4F17-9CE0-F6506A35DAC2}.Release|Any CPU.Build.0 = Release|Any CPU
		{E22986D2-E25F-4CB6-BF28-E9ED0DBB5BEF}.Debug|Any CPU.ActiveCfg = Debug|Any CPU
		{E22986D2-E25F-4CB6-BF28-E9ED0DBB5BEF}.Debug|Any CPU.Build.0 = Debug|Any CPU
		{E22986D2-E25F-4CB6-BF28-E9ED0DBB5BEF}.Release|Any CPU.ActiveCfg = Release|Any CPU
		{E22986D2-E25F-4CB6-BF28-E9ED0DBB5BEF}.Release|Any CPU.Build.0 = Release|Any CPU
		{39E2F63C-A686-4FF1-8288-B2AABAB940BE}.Debug|Any CPU.ActiveCfg = Debug|Any CPU
		{39E2F63C-A686-4FF1-8288-B2AABAB940BE}.Debug|Any CPU.Build.0 = Debug|Any CPU
		{39E2F63C-A686-4FF1-8288-B2AABAB940BE}.Release|Any CPU.ActiveCfg = Release|Any CPU
		{39E2F63C-A686-4FF1-8288-B2AABAB940BE}.Release|Any CPU.Build.0 = Release|Any CPU
		{56302436-C379-4670-BB63-90847442F367}.Debug|Any CPU.ActiveCfg = Debug|Any CPU
		{56302436-C379-4670-BB63-90847442F367}.Debug|Any CPU.Build.0 = Debug|Any CPU
		{56302436-C379-4670-BB63-90847442F367}.Release|Any CPU.ActiveCfg = Release|Any CPU
		{56302436-C379-4670-BB63-90847442F367}.Release|Any CPU.Build.0 = Release|Any CPU
		{81397141-FF78-4C2E-81DB-FE16B274F330}.Debug|Any CPU.ActiveCfg = Debug|Any CPU
		{81397141-FF78-4C2E-81DB-FE16B274F330}.Debug|Any CPU.Build.0 = Debug|Any CPU
		{81397141-FF78-4C2E-81DB-FE16B274F330}.Release|Any CPU.ActiveCfg = Release|Any CPU
		{81397141-FF78-4C2E-81DB-FE16B274F330}.Release|Any CPU.Build.0 = Release|Any CPU
		{80891E66-93BB-4A48-843A-C082D02590F4}.Debug|Any CPU.ActiveCfg = Debug|Any CPU
		{80891E66-93BB-4A48-843A-C082D02590F4}.Debug|Any CPU.Build.0 = Debug|Any CPU
		{80891E66-93BB-4A48-843A-C082D02590F4}.Release|Any CPU.ActiveCfg = Release|Any CPU
		{80891E66-93BB-4A48-843A-C082D02590F4}.Release|Any CPU.Build.0 = Release|Any CPU
		{105B8A7F-7949-4F5E-B6B4-A8F0CE3572F6}.Debug|Any CPU.ActiveCfg = Debug|Any CPU
		{105B8A7F-7949-4F5E-B6B4-A8F0CE3572F6}.Debug|Any CPU.Build.0 = Debug|Any CPU
		{105B8A7F-7949-4F5E-B6B4-A8F0CE3572F6}.Release|Any CPU.ActiveCfg = Release|Any CPU
		{105B8A7F-7949-4F5E-B6B4-A8F0CE3572F6}.Release|Any CPU.Build.0 = Release|Any CPU
		{F332AA9F-4D32-4594-820D-40B06CFC7730}.Debug|Any CPU.ActiveCfg = Debug|Any CPU
		{F332AA9F-4D32-4594-820D-40B06CFC7730}.Debug|Any CPU.Build.0 = Debug|Any CPU
		{F332AA9F-4D32-4594-820D-40B06CFC7730}.Release|Any CPU.ActiveCfg = Release|Any CPU
		{F332AA9F-4D32-4594-820D-40B06CFC7730}.Release|Any CPU.Build.0 = Release|Any CPU
	EndGlobalSection
	GlobalSection(SolutionProperties) = preSolution
		HideSolutionNode = FALSE
	EndGlobalSection
	GlobalSection(NestedProjects) = preSolution
		{4BF54EE2-8C77-4B74-AC89-4CB7FF81AF20} = {2F66FB18-241D-4871-9CCA-DEFF9A398713}
		{5B407E45-147E-4C77-9180-EA07A5C6A9B2} = {CF2C96B7-468B-48AB-8393-AE485A47BE24}
		{957D4DA4-BAAD-4656-9873-B644C1C08DC1} = {00A8F561-11CF-42B2-8D3A-432E2281256A}
		{B02AA82F-F452-45D9-B395-DA9A7A2A5E0B} = {04ADD040-7DEE-4C38-B7C6-A34354900AE9}
		{2EE920F4-187C-4617-9C45-BB3ACEF39FA0} = {B4D53F92-F0AB-4830-9AAF-BC549D9902C9}
		{F4452AA6-0196-4AD9-8562-96341F4C0595} = {9F9B2D0F-ADF4-41EE-A06F-791CDF52448C}
		{7E50DA3C-09FA-4F17-9CE0-F6506A35DAC2} = {6587087A-7E49-4482-89F1-C3CE438CA2B2}
		{E22986D2-E25F-4CB6-BF28-E9ED0DBB5BEF} = {04ADD040-7DEE-4C38-B7C6-A34354900AE9}
		{39E2F63C-A686-4FF1-8288-B2AABAB940BE} = {B4D53F92-F0AB-4830-9AAF-BC549D9902C9}
		{56302436-C379-4670-BB63-90847442F367} = {CF2C96B7-468B-48AB-8393-AE485A47BE24}
		{81397141-FF78-4C2E-81DB-FE16B274F330} = {00A8F561-11CF-42B2-8D3A-432E2281256A}
		{80891E66-93BB-4A48-843A-C082D02590F4} = {04ADD040-7DEE-4C38-B7C6-A34354900AE9}
		{105B8A7F-7949-4F5E-B6B4-A8F0CE3572F6} = {04ADD040-7DEE-4C38-B7C6-A34354900AE9}
		{F332AA9F-4D32-4594-820D-40B06CFC7730} = {9F9B2D0F-ADF4-41EE-A06F-791CDF52448C}
	EndGlobalSection
	GlobalSection(ExtensibilityGlobals) = postSolution
		SolutionGuid = {BAC5B38C-9E90-4934-A2B7-ECF71198AF9E}
	EndGlobalSection
EndGlobal
